
Microsoft Visual Studio Solution File, Format Version 12.00
# Visual Studio Version 17
VisualStudioVersion = 17.2.32602.215
MinimumVisualStudioVersion = 10.0.40219.1
Project("{FAE04EC0-301F-11D3-BF4B-00C04F79EFBC}") = "Twinlibs", "Twinlibs\Twinlibs.csproj", "{5B35DE47-6FE8-4745-A960-48F5D4023D27}"
EndProject
Global
	GlobalSection(SolutionConfigurationPlatforms) = preSolution
		Debug|Any CPU = Debug|Any CPU
		Release|Any CPU = Release|Any CPU
	EndGlobalSection
	GlobalSection(ProjectConfigurationPlatforms) = postSolution
		{5B35DE47-6FE8-4745-A960-48F5D4023D27}.Debug|Any CPU.ActiveCfg = Debug|Any CPU
		{5B35DE47-6FE8-4745-A960-48F5D4023D27}.Debug|Any CPU.Build.0 = Debug|Any CPU
		{5B35DE47-6FE8-4745-A960-48F5D4023D27}.Release|Any CPU.ActiveCfg = Release|Any CPU
		{5B35DE47-6FE8-4745-A960-48F5D4023D27}.Release|Any CPU.Build.0 = Release|Any CPU
	EndGlobalSection
	GlobalSection(SolutionProperties) = preSolution
		HideSolutionNode = FALSE
	EndGlobalSection
	GlobalSection(ExtensibilityGlobals) = postSolution
		SolutionGuid = {20A524EE-936F-4B05-A5C1-2BA92F6309AF}
	EndGlobalSection
EndGlobal
